
Microsoft Visual Studio Solution File, Format Version 12.00
# Visual Studio Version 17
VisualStudioVersion = 17.2.32616.157
MinimumVisualStudioVersion = 10.0.40219.1
Project("{888888A0-9F3D-457C-B088-3A5042F75D52}") = "sr1 points", "sr1 points\sr1 points.pyproj", "{C320A762-C01A-44C6-87AC-315EE4A7DAD7}"
EndProject
Global
	GlobalSection(SolutionConfigurationPlatforms) = preSolution
		Debug|Any CPU = Debug|Any CPU
		Release|Any CPU = Release|Any CPU
	EndGlobalSection
	GlobalSection(ProjectConfigurationPlatforms) = postSolution
		{C320A762-C01A-44C6-87AC-315EE4A7DAD7}.Debug|Any CPU.ActiveCfg = Debug|Any CPU
		{C320A762-C01A-44C6-87AC-315EE4A7DAD7}.Release|Any CPU.ActiveCfg = Release|Any CPU
	EndGlobalSection
	GlobalSection(SolutionProperties) = preSolution
		HideSolutionNode = FALSE
	EndGlobalSection
	GlobalSection(ExtensibilityGlobals) = postSolution
		SolutionGuid = {DD4F69A2-2994-4B3C-A984-1099970F494B}
	EndGlobalSection
EndGlobal
